gioui.org v0.4.1 h1:sCTw5Fexg0xg9CxYmbrkKtHXcobf0JMbl5XpF2TC/zc=
gioui.org v0.4.1/go.mod h1:2atiYR4upH71/6ehnh6XsUELa7JZOrOHHNMDxGBZF0Q=
github.com/cstockton/go-trace v0.0.0-20171025023017-dc4a0152211a h1:7OwtUH5H92+Nm+AlbtGM8SDzcwCirTYg5AJrwsvelo0=
github.com/cstockton/go-trace v0.0.0-20171025023017-dc4a0152211a/go.mod h1:a7E/mZA8XYUHaIqPYdze4y+dA0rc3RofRl4VZ4RtteI=
golang.org/x/exp v0.0.0-20230725093048-515e97ebf090 h1:Di6/M8l0O2lCLc6VVRWhgCiApHV8MnQurBnFSHsQtNY=
golang.org/x/exp v0.0.0-20230725093048-515e97ebf090/go.mod h1:FXUEEKJgO7OQYeo8N01OfiKP8RXMtf6e8aTskBGqWdc=
golang.org/x/exp v0.0.0-20240613232115-7f521ea00fb8 h1:yixxcjnhBmY0nkL253HFVIm0JsFHwrHdT3Yh6szTnfY=
golang.org/x/exp v0.0.0-20240613232115-7f521ea00fb8/go.mod h1:jj3sYF3dwk5D+ghuXyeI3r5MFf+NT2An6/9dOA95KSI=
golang.org/x/exp v0.0.0-20250819193227-8b4c13bb791b h1:DXr+pvt3nC887026GRP39Ej11UATqWDmWuS99x26cD0=
golang.org/x/exp v0.0.0-20250819193227-8b4c13bb791b/go.mod h1:4QTo5u+SEIbbKW1RacMZq1YEfOBqeXa19JeshGi+zc4=
golang.org/x/tools v0.2.0 h1:G6AHpWxTMGY1KyEYoAQ5WTtIekUUvDNjan3ugu60JvE=
golang.org/x/tools v0.22.0 h1:gqSGLZqv+AI9lIQzniJ0nZDRG5GBPsSi+DRNHWNz6yA=
golang.org/x/tools v0.36.0 h1:kWS0uv/zsvHEle1LbV5LE8QujrxB3wfQyxHfhOk0Qkg=
golang.org/x/tools v0.36.0/go.mod h1:WBDiHKJK8YgLHlcQPYQzNCkUxUypCaa5ZegCVutKm+s=
honnef.co/go/gotraceui v0.4.0-0.dev h1:pnW9SHIqtX7g/m/laG3iNheuqpVwzhKSlSNZwPPn6MU=
honnef.co/go/gotraceui v0.4.0-0.dev/go.mod h1:NSZZ7eph/Pw7oML0LB7bURivs55YCwgFPwU6fDsMR4A=
honnef.co/go/gotraceui v0.5.0-0.dev.0.20240707115136-a47c61fbb6d0 h1:a8KGvmlO6zl9+pDmBiV1Ag9UzOCmZGo4VMvANhagnpY=
honnef.co/go/gotraceui v0.5.0-0.dev.0.20240707115136-a47c61fbb6d0/go.mod h1:kmtSHO9H1vaS3qZ+WMuKHfnF9MwXravYtV8QtV09w/g=
