gioui.org v0.4.1 h1:sCTw5Fexg0xg9CxYmbrkKtHXcobf0JMbl5XpF2TC/zc=
gioui.org v0.4.1/go.mod h1:2atiYR4upH71/6ehnh6XsUELa7JZOrOHHNMDxGBZF0Q=
golang.org/x/exp v0.0.0-20240613232115-7f521ea00fb8 h1:yixxcjnhBmY0nkL253HFVIm0JsFHwrHdT3Yh6szTnfY=
golang.org/x/exp v0.0.0-20240613232115-7f521ea00fb8/go.mod h1:jj3sYF3dwk5D+ghuXyeI3r5MFf+NT2An6/9dOA95KSI=
golang.org/x/tools v0.22.0 h1:gqSGLZqv+AI9lIQzniJ0nZDRG5GBPsSi+DRNHWNz6yA=
golang.org/x/tools v0.22.0/go.mod h1:aCwcsjqvq7Yqt6TNyX7QMU2enbQ/Gt0bo6krSeEri+c=
honnef.co/go/gotraceui v0.5.0-0.dev.0.20240707115136-a47c61fbb6d0 h1:a8KGvmlO6zl9+pDmBiV1Ag9UzOCmZGo4VMvANhagnpY=
honnef.co/go/gotraceui v0.5.0-0.dev.0.20240707115136-a47c61fbb6d0/go.mod h1:kmtSHO9H1vaS3qZ+WMuKHfnF9MwXravYtV8QtV09w/g=
